
Microsoft Visual Studio Solution File, Format Version 12.00
# Visual Studio Version 16
VisualStudioVersion = 16.0.33927.289
MinimumVisualStudioVersion = 10.0.40219.1
Project("{2150E333-8FDC-42A3-9474-1A3956D46DE8}") = "Task1", "Task1", "{E23DA31C-EF13-4D7E-9C29-C133FC3C615D}"
EndProject
Project("{8BC9CEB8-8B4A-11D0-8D11-00A0C91BC942}") = "Tyuiu.VorobevSA.Sprint0.Task1.V0", "Tyuiu.VorobevSA.Sprint0.Task1.V0\Tyuiu.VorobevSA.Sprint0.Task1.V0.vcxproj", "{EE017BEA-EC47-40A1-996E-04A63189A29D}"
EndProject
Project("{2150E333-8FDC-42A3-9474-1A3956D46DE8}") = "Task0", "Task0", "{604AA32E-7627-4FF5-AC93-A1A0564AE30B}"
EndProject
Project("{8BC9CEB8-8B4A-11D0-8D11-00A0C91BC942}") = "Tyuiu.VorobevSA.Sprint0.Task0.V0", "Tyuiu.VorobevSA.Sprint0.Task0.V0\Tyuiu.VorobevSA.Sprint0.Task0.V0.vcxproj", "{5513EBBC-377B-44B6-A2AC-7777FB42F3A9}"
EndProject
Global
	GlobalSection(SolutionConfigurationPlatforms) = preSolution
		Debug|x64 = Debug|x64
		Debug|x86 = Debug|x86
		Release|x64 = Release|x64
		Release|x86 = Release|x86
	EndGlobalSection
	GlobalSection(ProjectConfigurationPlatforms) = postSolution
		{EE017BEA-EC47-40A1-996E-04A63189A29D}.Debug|x64.ActiveCfg = Debug|x64
		{EE017BEA-EC47-40A1-996E-04A63189A29D}.Debug|x64.Build.0 = Debug|x64
		{EE017BEA-EC47-40A1-996E-04A63189A29D}.Debug|x86.ActiveCfg = Debug|Win32
		{EE017BEA-EC47-40A1-996E-04A63189A29D}.Debug|x86.Build.0 = Debug|Win32
		{EE017BEA-EC47-40A1-996E-04A63189A29D}.Release|x64.ActiveCfg = Release|x64
		{EE017BEA-EC47-40A1-996E-04A63189A29D}.Release|x64.Build.0 = Release|x64
		{EE017BEA-EC47-40A1-996E-04A63189A29D}.Release|x86.ActiveCfg = Release|Win32
		{EE017BEA-EC47-40A1-996E-04A63189A29D}.Release|x86.Build.0 = Release|Win32
		{5513EBBC-377B-44B6-A2AC-7777FB42F3A9}.Debug|x64.ActiveCfg = Debug|x64
		{5513EBBC-377B-44B6-A2AC-7777FB42F3A9}.Debug|x64.Build.0 = Debug|x64
		{5513EBBC-377B-44B6-A2AC-7777FB42F3A9}.Debug|x86.ActiveCfg = Debug|Win32
		{5513EBBC-377B-44B6-A2AC-7777FB42F3A9}.Debug|x86.Build.0 = Debug|Win32
		{5513EBBC-377B-44B6-A2AC-7777FB42F3A9}.Release|x64.ActiveCfg = Release|x64
		{5513EBBC-377B-44B6-A2AC-7777FB42F3A9}.Release|x64.Build.0 = Release|x64
		{5513EBBC-377B-44B6-A2AC-7777FB42F3A9}.Release|x86.ActiveCfg = Release|Win32
		{5513EBBC-377B-44B6-A2AC-7777FB42F3A9}.Release|x86.Build.0 = Release|Win32
	EndGlobalSection
	GlobalSection(SolutionProperties) = preSolution
		HideSolutionNode = FALSE
	EndGlobalSection
	GlobalSection(NestedProjects) = preSolution
		{EE017BEA-EC47-40A1-996E-04A63189A29D} = {E23DA31C-EF13-4D7E-9C29-C133FC3C615D}
		{5513EBBC-377B-44B6-A2AC-7777FB42F3A9} = {604AA32E-7627-4FF5-AC93-A1A0564AE30B}
	EndGlobalSection
	GlobalSection(ExtensibilityGlobals) = postSolution
		SolutionGuid = {E0D06E2D-F8E2-4FEB-8C1F-4736A160AC44}
	EndGlobalSection
EndGlobal
