
Microsoft Visual Studio Solution File, Format Version 12.00
# Visual Studio Version 16
VisualStudioVersion = 16.0.33927.289
MinimumVisualStudioVersion = 10.0.40219.1
Project("{2150E333-8FDC-42A3-9474-1A3956D46DE8}") = "Task0", "Task0", "{2CD0F23B-C328-4325-BEC6-E28D27B790EF}"
EndProject
Project("{FAE04EC0-301F-11D3-BF4B-00C04F79EFBC}") = "Tyuiu.VorobevSA.Sprint0.Task0.V0", "Tyuiu.VorobevSA.Sprint0.Task0.V0\Tyuiu.VorobevSA.Sprint0.Task0.V0.csproj", "{5EBDEF0C-F7D4-4846-AC54-FD7BE5D89072}"
EndProject
Global
	GlobalSection(SolutionConfigurationPlatforms) = preSolution
		Debug|Any CPU = Debug|Any CPU
		Release|Any CPU = Release|Any CPU
	EndGlobalSection
	GlobalSection(ProjectConfigurationPlatforms) = postSolution
		{5EBDEF0C-F7D4-4846-AC54-FD7BE5D89072}.Debug|Any CPU.ActiveCfg = Debug|Any CPU
		{5EBDEF0C-F7D4-4846-AC54-FD7BE5D89072}.Debug|Any CPU.Build.0 = Debug|Any CPU
		{5EBDEF0C-F7D4-4846-AC54-FD7BE5D89072}.Release|Any CPU.ActiveCfg = Release|Any CPU
		{5EBDEF0C-F7D4-4846-AC54-FD7BE5D89072}.Release|Any CPU.Build.0 = Release|Any CPU
	EndGlobalSection
	GlobalSection(SolutionProperties) = preSolution
		HideSolutionNode = FALSE
	EndGlobalSection
	GlobalSection(NestedProjects) = preSolution
		{5EBDEF0C-F7D4-4846-AC54-FD7BE5D89072} = {2CD0F23B-C328-4325-BEC6-E28D27B790EF}
	EndGlobalSection
	GlobalSection(ExtensibilityGlobals) = postSolution
		SolutionGuid = {E0D06E2D-F8E2-4FEB-8C1F-4736A160AC44}
	EndGlobalSection
EndGlobal
