
Microsoft Visual Studio Solution File, Format Version 12.00
# Visual Studio Version 16
VisualStudioVersion = 16.0.33927.289
MinimumVisualStudioVersion = 10.0.40219.1
Project("{2150E333-8FDC-42A3-9474-1A3956D46DE8}") = "Task1", "Task1", "{E23DA31C-EF13-4D7E-9C29-C133FC3C615D}"
EndProject
Project("{8BC9CEB8-8B4A-11D0-8D11-00A0C91BC942}") = "Tyuiu.VorobevSA.Sprint0.Task1.V0", "Tyuiu.VorobevSA.Sprint0.Task1.V0\Tyuiu.VorobevSA.Sprint0.Task1.V0.vcxproj", "{EE017BEA-EC47-40A1-996E-04A63189A29D}"
EndProject
Project("{2150E333-8FDC-42A3-9474-1A3956D46DE8}") = "Task0", "Task0", "{604AA32E-7627-4FF5-AC93-A1A0564AE30B}"
EndProject
Project("{8BC9CEB8-8B4A-11D0-8D11-00A0C91BC942}") = "Tyuiu.VorobevSA.Sprint0.Task0.V0", "Tyuiu.VorobevSA.Sprint0.Task0.V0\Tyuiu.VorobevSA.Sprint0.Task0.V0.vcxproj", "{5513EBBC-377B-44B6-A2AC-7777FB42F3A9}"
EndProject
Project("{2150E333-8FDC-42A3-9474-1A3956D46DE8}") = "Task2", "Task2", "{C87E6B34-1B8B-4D29-946B-784033C5C925}"
EndProject
Project("{8BC9CEB8-8B4A-11D0-8D11-00A0C91BC942}") = "Tyuiu.VorobevSA.Sprint0.Task2.V0", "Tyuiu.VorobevSA.Sprint0.Task2.V0\Tyuiu.VorobevSA.Sprint0.Task2.V0.vcxproj", "{22AFF1F2-C007-4B68-AAE0-C882249BD0CA}"
EndProject
Project("{8BC9CEB8-8B4A-11D0-8D11-00A0C91BC942}") = "Tyuiu.VorobevSA.Sprint0.Task2.V0.Lib", "Tyuiu.VorobevSA.Sprint0.Task2.V0.Lib\Tyuiu.VorobevSA.Sprint0.Task2.V0.Lib.vcxproj", "{E9135872-9138-468B-A932-32AE9E45AF77}"
EndProject
Project("{8BC9CEB8-8B4A-11D0-8D11-00A0C91BC942}") = "Tyuiu.VorobevSA.Sprint0.Task2.V0.Test", "Tyuiu.VorobevSA.Sprint0.Task2.V0.Test\Tyuiu.VorobevSA.Sprint0.Task2.V0.Test.vcxproj", "{8DC5DBD7-DE8F-41E0-8F50-FA1CB5A9DC24}"
EndProject
Project("{2150E333-8FDC-42A3-9474-1A3956D46DE8}") = "Task3", "Task3", "{48285E92-9AB9-4525-A203-FB921B23ED67}"
EndProject
Project("{8BC9CEB8-8B4A-11D0-8D11-00A0C91BC942}") = "Tyuiu.VorobevSA.Sprint0.Task3.V0", "Tyuiu.VorobevSA.Sprint0.Task3.V0\Tyuiu.VorobevSA.Sprint0.Task3.V0.vcxproj", "{58A960B1-B3F2-47F2-8318-FCBBD79DB826}"
EndProject
Project("{8BC9CEB8-8B4A-11D0-8D11-00A0C91BC942}") = "Tyuiu.VorobevSA.Sprint0.Task3.V0.Lib", "Tyuiu.VorobevSA.Sprint0.Task3.V0.Lib\Tyuiu.VorobevSA.Sprint0.Task3.V0.Lib.vcxproj", "{E7D39922-2234-42C4-A589-A04204044A97}"
EndProject
Project("{8BC9CEB8-8B4A-11D0-8D11-00A0C91BC942}") = "Tyuiu.VorobevSA.Sprint0.Task3.V0.Test", "Tyuiu.VorobevSA.Sprint0.Task3.V0.Test\Tyuiu.VorobevSA.Sprint0.Task3.V0.Test.vcxproj", "{A9CE6A71-9334-4EBC-B21E-92A4771D39E8}"
EndProject
Project("{8BC9CEB8-8B4A-11D0-8D11-00A0C91BC942}") = "Tyuiu.Cours.cpp", "..\Tyuiu.Cours.cpp\Tyuiu.Cours.cpp.vcxproj", "{71667551-DC89-4E91-B409-EC47AE10CC12}"
EndProject
Project("{2150E333-8FDC-42A3-9474-1A3956D46DE8}") = "Task4", "Task4", "{B542E642-6C43-499B-94F9-54E806436720}"
EndProject
Project("{8BC9CEB8-8B4A-11D0-8D11-00A0C91BC942}") = "Tyuiu.VorobevSA.Sprint0.Task4.V0", "Tyuiu.VorobevSA.Sprint0.Task4.V0\Tyuiu.VorobevSA.Sprint0.Task4.V0.vcxproj", "{6A60CC9E-06E2-44FE-85E3-466F6F002D0D}"
EndProject
Project("{2150E333-8FDC-42A3-9474-1A3956D46DE8}") = "Task5", "Task5", "{6CD7757E-0BD8-4413-A547-A3EABAF52464}"
EndProject
Project("{8BC9CEB8-8B4A-11D0-8D11-00A0C91BC942}") = "Tyuiu.VorobevSA.Sprint0.Task5.V0.Lib", "Tyuiu.VorobevSA.Sprint0.Task5.V0.Lib\Tyuiu.VorobevSA.Sprint0.Task5.V0.Lib.vcxproj", "{9126FE19-F1CC-4A9F-99D6-4596B2AE76E4}"
EndProject
Project("{8BC9CEB8-8B4A-11D0-8D11-00A0C91BC942}") = "Tyuiu.VorobevSA.Sprint0.Task5.V0.Test0", "Tyuiu.VorobevSA.Sprint0.Task5.V0.Test0\Tyuiu.VorobevSA.Sprint0.Task5.V0.Test0.vcxproj", "{DC414E31-E74D-4E08-BC8B-3EAD495D9C3C}"
EndProject
Project("{8BC9CEB8-8B4A-11D0-8D11-00A0C91BC942}") = "Tyuiu.VorobevSA.Sprint0.Task5.V0", "Tyuiu.VorobevSA.Sprint0.Task5.V0\Tyuiu.VorobevSA.Sprint0.Task5.V0.vcxproj", "{D6FBC1E4-0E26-4048-8E64-F0F3CC38008B}"
EndProject
Project("{8BC9CEB8-8B4A-11D0-8D11-00A0C91BC942}") = "Tyuiu.VorobevSA.Sprint0.Task5.V1.Test", "Tyuiu.VorobevSA.Sprint0.Task5.V1.Test\Tyuiu.VorobevSA.Sprint0.Task5.V1.Test.vcxproj", "{382F4637-BB4B-45A6-8AE3-2CCC2572601F}"
EndProject
Project("{8BC9CEB8-8B4A-11D0-8D11-00A0C91BC942}") = "Tyuiu.VorobevSA.Sprint0.Task5.V2.Test", "Tyuiu.VorobevSA.Sprint0.Task5.V2.Test\Tyuiu.VorobevSA.Sprint0.Task5.V2.Test.vcxproj", "{E643CB3D-BE46-4C52-AC17-70C4127B6E64}"
EndProject
Project("{8BC9CEB8-8B4A-11D0-8D11-00A0C91BC942}") = "Tyuiu.VorobevSA.Sprint0.Task5.V3.Test", "Tyuiu.VorobevSA.Sprint0.Task5.V3.Test\Tyuiu.VorobevSA.Sprint0.Task5.V3.Test.vcxproj", "{06E077AB-C938-4F27-9DDE-DB78F0F4D7EE}"
EndProject
Project("{8BC9CEB8-8B4A-11D0-8D11-00A0C91BC942}") = "Tyuiu.VorobevSA.Sprint0.Task5.V4.Test", "Tyuiu.VorobevSA.Sprint0.Task5.V4.Test\Tyuiu.VorobevSA.Sprint0.Task5.V4.Test.vcxproj", "{1A90EE95-3454-4E53-94CC-A4A14E342B47}"
EndProject
Project("{2150E333-8FDC-42A3-9474-1A3956D46DE8}") = "Task6", "Task6", "{0B4B3827-583F-46F7-BB7B-D2F3A337AEB8}"
EndProject
Project("{8BC9CEB8-8B4A-11D0-8D11-00A0C91BC942}") = "Tyuiu.VorobevSA.Sprint0.Task6", "Tyuiu.VorobevSA.Sprint0.Task6\Tyuiu.VorobevSA.Sprint0.Task6.vcxproj", "{6C6715CB-8E99-4F8E-9807-C655D635AC9E}"
EndProject
Project("{8BC9CEB8-8B4A-11D0-8D11-00A0C91BC942}") = "Tyuiu.VorobevSA.Sprint0.Task6.Lib", "Tyuiu.VorobevSA.Sprint0.Task6.Lib\Tyuiu.VorobevSA.Sprint0.Task6.Lib.vcxproj", "{E0EB24DE-E5EE-4FEE-91BA-DFAB26BD4D03}"
EndProject
Project("{8BC9CEB8-8B4A-11D0-8D11-00A0C91BC942}") = "Tyuiu.VorobevSA.Sprint0.Task6.V1.Test", "Tyuiu.VorobevSA.Sprint0.Task6.V1.Test\Tyuiu.VorobevSA.Sprint0.Task6.V1.Test.vcxproj", "{7E067A1E-4178-443A-B908-0C2906A9EF8C}"
EndProject
Project("{8BC9CEB8-8B4A-11D0-8D11-00A0C91BC942}") = "Tyuiu.VorobevSA.Sprint0.Task6.V2.Test", "Tyuiu.VorobevSA.Sprint0.Task6.V2.Test\Tyuiu.VorobevSA.Sprint0.Task6.V2.Test.vcxproj", "{40416B4B-2D4A-4068-BC00-AE5760077B67}"
EndProject
Project("{8BC9CEB8-8B4A-11D0-8D11-00A0C91BC942}") = "Tyuiu.VorobevSA.Sprint0.Task6.V3.Test", "Tyuiu.VorobevSA.Sprint0.Task6.V3.Test\Tyuiu.VorobevSA.Sprint0.Task6.V3.Test.vcxproj", "{3C178664-E381-46CE-BC5F-CB8C18B713F8}"
EndProject
Project("{8BC9CEB8-8B4A-11D0-8D11-00A0C91BC942}") = "Tyuiu.VorobevSA.Sprint0.Task6.V4.Test", "Tyuiu.VorobevSA.Sprint0.Task6.V4.Test\Tyuiu.VorobevSA.Sprint0.Task6.V4.Test.vcxproj", "{22C8398D-D4F1-4037-AF09-97D50A4869AC}"
EndProject
Project("{8BC9CEB8-8B4A-11D0-8D11-00A0C91BC942}") = "Tyuiu.VorobevSA.Sprint0.Task6.V5.Test", "Tyuiu.VorobevSA.Sprint0.Task6.V5.Test\Tyuiu.VorobevSA.Sprint0.Task6.V5.Test.vcxproj", "{7DC33409-994A-43C1-8568-BB2B03471AD8}"
EndProject
Project("{2150E333-8FDC-42A3-9474-1A3956D46DE8}") = "Task7", "Task7", "{91107135-9A45-47DA-8FA2-C4CF1F17031F}"
EndProject
Project("{8BC9CEB8-8B4A-11D0-8D11-00A0C91BC942}") = "Tyuiu.VorobevSA.Sprint0.Task7", "Tyuiu.VorobevSA.Sprint0.Task7\Tyuiu.VorobevSA.Sprint0.Task7.vcxproj", "{4F7AE91F-F962-431C-8CFC-A15063ACB45F}"
EndProject
Project("{8BC9CEB8-8B4A-11D0-8D11-00A0C91BC942}") = "Tyuiu.VorobevSA.Sprint0.Task7.lib", "Tyuiu.VorobevSA.Sprint0.Task7.lib\Tyuiu.VorobevSA.Sprint0.Task7.lib.vcxproj", "{C931E2FC-2AD2-4628-932F-B4FC91B4288F}"
EndProject
Project("{8BC9CEB8-8B4A-11D0-8D11-00A0C91BC942}") = "Tyuiu.VorobevSA.Sprint0.Task7.V1.Test", "Tyuiu.VorobevSA.Sprint0.Task7.V1.Test\Tyuiu.VorobevSA.Sprint0.Task7.V1.Test.vcxproj", "{A086E523-68F6-4E31-BDD8-3137A1B3684E}"
EndProject
Project("{8BC9CEB8-8B4A-11D0-8D11-00A0C91BC942}") = "Tyuiu.VorobevSA.Sprint0.Task7.V2.Test", "Tyuiu.VorobevSA.Sprint0.Task7.V2.Test\Tyuiu.VorobevSA.Sprint0.Task7.V2.Test.vcxproj", "{1322AE60-1223-4D0B-9445-00023CFF6F77}"
EndProject
Project("{8BC9CEB8-8B4A-11D0-8D11-00A0C91BC942}") = "Tyuiu.VorobevSA.Sprint0.Task7.V3.Test", "Tyuiu.VorobevSA.Sprint0.Task7.V3.Test\Tyuiu.VorobevSA.Sprint0.Task7.V3.Test.vcxproj", "{32E4CAE9-43E4-4161-B371-C2D0570103EF}"
EndProject
Project("{8BC9CEB8-8B4A-11D0-8D11-00A0C91BC942}") = "Tyuiu.VorobevSA.Sprint0.Task7.V4.Test", "Tyuiu.VorobevSA.Sprint0.Task7.V4.Test\Tyuiu.VorobevSA.Sprint0.Task7.V4.Test.vcxproj", "{388F0DC7-F2E2-43F4-A0CE-CB9376AA19E4}"
EndProject
Project("{8BC9CEB8-8B4A-11D0-8D11-00A0C91BC942}") = "Tyuiu.VorobevSA.Sprint0.Task7.V5.Test", "Tyuiu.VorobevSA.Sprint0.Task7.V5.Test\Tyuiu.VorobevSA.Sprint0.Task7.V5.Test.vcxproj", "{F4B3E500-3573-4833-B741-6D89F085C2D6}"
EndProject
Global
	GlobalSection(SolutionConfigurationPlatforms) = preSolution
		Debug|x64 = Debug|x64
		Debug|x86 = Debug|x86
		Release|x64 = Release|x64
		Release|x86 = Release|x86
	EndGlobalSection
	GlobalSection(ProjectConfigurationPlatforms) = postSolution
		{EE017BEA-EC47-40A1-996E-04A63189A29D}.Debug|x64.ActiveCfg = Debug|x64
		{EE017BEA-EC47-40A1-996E-04A63189A29D}.Debug|x64.Build.0 = Debug|x64
		{EE017BEA-EC47-40A1-996E-04A63189A29D}.Debug|x86.ActiveCfg = Debug|Win32
		{EE017BEA-EC47-40A1-996E-04A63189A29D}.Debug|x86.Build.0 = Debug|Win32
		{EE017BEA-EC47-40A1-996E-04A63189A29D}.Release|x64.ActiveCfg = Release|x64
		{EE017BEA-EC47-40A1-996E-04A63189A29D}.Release|x64.Build.0 = Release|x64
		{EE017BEA-EC47-40A1-996E-04A63189A29D}.Release|x86.ActiveCfg = Release|Win32
		{EE017BEA-EC47-40A1-996E-04A63189A29D}.Release|x86.Build.0 = Release|Win32
		{5513EBBC-377B-44B6-A2AC-7777FB42F3A9}.Debug|x64.ActiveCfg = Debug|x64
		{5513EBBC-377B-44B6-A2AC-7777FB42F3A9}.Debug|x64.Build.0 = Debug|x64
		{5513EBBC-377B-44B6-A2AC-7777FB42F3A9}.Debug|x86.ActiveCfg = Debug|Win32
		{5513EBBC-377B-44B6-A2AC-7777FB42F3A9}.Debug|x86.Build.0 = Debug|Win32
		{5513EBBC-377B-44B6-A2AC-7777FB42F3A9}.Release|x64.ActiveCfg = Release|x64
		{5513EBBC-377B-44B6-A2AC-7777FB42F3A9}.Release|x64.Build.0 = Release|x64
		{5513EBBC-377B-44B6-A2AC-7777FB42F3A9}.Release|x86.ActiveCfg = Release|Win32
		{5513EBBC-377B-44B6-A2AC-7777FB42F3A9}.Release|x86.Build.0 = Release|Win32
		{22AFF1F2-C007-4B68-AAE0-C882249BD0CA}.Debug|x64.ActiveCfg = Debug|x64
		{22AFF1F2-C007-4B68-AAE0-C882249BD0CA}.Debug|x64.Build.0 = Debug|x64
		{22AFF1F2-C007-4B68-AAE0-C882249BD0CA}.Debug|x86.ActiveCfg = Debug|Win32
		{22AFF1F2-C007-4B68-AAE0-C882249BD0CA}.Debug|x86.Build.0 = Debug|Win32
		{22AFF1F2-C007-4B68-AAE0-C882249BD0CA}.Release|x64.ActiveCfg = Release|x64
		{22AFF1F2-C007-4B68-AAE0-C882249BD0CA}.Release|x64.Build.0 = Release|x64
		{22AFF1F2-C007-4B68-AAE0-C882249BD0CA}.Release|x86.ActiveCfg = Release|Win32
		{22AFF1F2-C007-4B68-AAE0-C882249BD0CA}.Release|x86.Build.0 = Release|Win32
		{E9135872-9138-468B-A932-32AE9E45AF77}.Debug|x64.ActiveCfg = Debug|x64
		{E9135872-9138-468B-A932-32AE9E45AF77}.Debug|x64.Build.0 = Debug|x64
		{E9135872-9138-468B-A932-32AE9E45AF77}.Debug|x86.ActiveCfg = Debug|Win32
		{E9135872-9138-468B-A932-32AE9E45AF77}.Debug|x86.Build.0 = Debug|Win32
		{E9135872-9138-468B-A932-32AE9E45AF77}.Release|x64.ActiveCfg = Release|x64
		{E9135872-9138-468B-A932-32AE9E45AF77}.Release|x64.Build.0 = Release|x64
		{E9135872-9138-468B-A932-32AE9E45AF77}.Release|x86.ActiveCfg = Release|Win32
		{E9135872-9138-468B-A932-32AE9E45AF77}.Release|x86.Build.0 = Release|Win32
		{8DC5DBD7-DE8F-41E0-8F50-FA1CB5A9DC24}.Debug|x64.ActiveCfg = Debug|x64
		{8DC5DBD7-DE8F-41E0-8F50-FA1CB5A9DC24}.Debug|x64.Build.0 = Debug|x64
		{8DC5DBD7-DE8F-41E0-8F50-FA1CB5A9DC24}.Debug|x86.ActiveCfg = Debug|Win32
		{8DC5DBD7-DE8F-41E0-8F50-FA1CB5A9DC24}.Debug|x86.Build.0 = Debug|Win32
		{8DC5DBD7-DE8F-41E0-8F50-FA1CB5A9DC24}.Release|x64.ActiveCfg = Release|x64
		{8DC5DBD7-DE8F-41E0-8F50-FA1CB5A9DC24}.Release|x64.Build.0 = Release|x64
		{8DC5DBD7-DE8F-41E0-8F50-FA1CB5A9DC24}.Release|x86.ActiveCfg = Release|Win32
		{8DC5DBD7-DE8F-41E0-8F50-FA1CB5A9DC24}.Release|x86.Build.0 = Release|Win32
		{58A960B1-B3F2-47F2-8318-FCBBD79DB826}.Debug|x64.ActiveCfg = Debug|x64
		{58A960B1-B3F2-47F2-8318-FCBBD79DB826}.Debug|x64.Build.0 = Debug|x64
		{58A960B1-B3F2-47F2-8318-FCBBD79DB826}.Debug|x86.ActiveCfg = Debug|Win32
		{58A960B1-B3F2-47F2-8318-FCBBD79DB826}.Debug|x86.Build.0 = Debug|Win32
		{58A960B1-B3F2-47F2-8318-FCBBD79DB826}.Release|x64.ActiveCfg = Release|x64
		{58A960B1-B3F2-47F2-8318-FCBBD79DB826}.Release|x64.Build.0 = Release|x64
		{58A960B1-B3F2-47F2-8318-FCBBD79DB826}.Release|x86.ActiveCfg = Release|Win32
		{58A960B1-B3F2-47F2-8318-FCBBD79DB826}.Release|x86.Build.0 = Release|Win32
		{E7D39922-2234-42C4-A589-A04204044A97}.Debug|x64.ActiveCfg = Debug|x64
		{E7D39922-2234-42C4-A589-A04204044A97}.Debug|x64.Build.0 = Debug|x64
		{E7D39922-2234-42C4-A589-A04204044A97}.Debug|x86.ActiveCfg = Debug|Win32
		{E7D39922-2234-42C4-A589-A04204044A97}.Debug|x86.Build.0 = Debug|Win32
		{E7D39922-2234-42C4-A589-A04204044A97}.Release|x64.ActiveCfg = Release|x64
		{E7D39922-2234-42C4-A589-A04204044A97}.Release|x64.Build.0 = Release|x64
		{E7D39922-2234-42C4-A589-A04204044A97}.Release|x86.ActiveCfg = Release|Win32
		{E7D39922-2234-42C4-A589-A04204044A97}.Release|x86.Build.0 = Release|Win32
		{A9CE6A71-9334-4EBC-B21E-92A4771D39E8}.Debug|x64.ActiveCfg = Debug|x64
		{A9CE6A71-9334-4EBC-B21E-92A4771D39E8}.Debug|x64.Build.0 = Debug|x64
		{A9CE6A71-9334-4EBC-B21E-92A4771D39E8}.Debug|x86.ActiveCfg = Debug|Win32
		{A9CE6A71-9334-4EBC-B21E-92A4771D39E8}.Debug|x86.Build.0 = Debug|Win32
		{A9CE6A71-9334-4EBC-B21E-92A4771D39E8}.Release|x64.ActiveCfg = Release|x64
		{A9CE6A71-9334-4EBC-B21E-92A4771D39E8}.Release|x64.Build.0 = Release|x64
		{A9CE6A71-9334-4EBC-B21E-92A4771D39E8}.Release|x86.ActiveCfg = Release|Win32
		{A9CE6A71-9334-4EBC-B21E-92A4771D39E8}.Release|x86.Build.0 = Release|Win32
		{71667551-DC89-4E91-B409-EC47AE10CC12}.Debug|x64.ActiveCfg = Debug|x64
		{71667551-DC89-4E91-B409-EC47AE10CC12}.Debug|x64.Build.0 = Debug|x64
		{71667551-DC89-4E91-B409-EC47AE10CC12}.Debug|x86.ActiveCfg = Debug|Win32
		{71667551-DC89-4E91-B409-EC47AE10CC12}.Debug|x86.Build.0 = Debug|Win32
		{71667551-DC89-4E91-B409-EC47AE10CC12}.Release|x64.ActiveCfg = Release|x64
		{71667551-DC89-4E91-B409-EC47AE10CC12}.Release|x64.Build.0 = Release|x64
		{71667551-DC89-4E91-B409-EC47AE10CC12}.Release|x86.ActiveCfg = Release|Win32
		{71667551-DC89-4E91-B409-EC47AE10CC12}.Release|x86.Build.0 = Release|Win32
		{6A60CC9E-06E2-44FE-85E3-466F6F002D0D}.Debug|x64.ActiveCfg = Debug|x64
		{6A60CC9E-06E2-44FE-85E3-466F6F002D0D}.Debug|x64.Build.0 = Debug|x64
		{6A60CC9E-06E2-44FE-85E3-466F6F002D0D}.Debug|x86.ActiveCfg = Debug|Win32
		{6A60CC9E-06E2-44FE-85E3-466F6F002D0D}.Debug|x86.Build.0 = Debug|Win32
		{6A60CC9E-06E2-44FE-85E3-466F6F002D0D}.Release|x64.ActiveCfg = Release|x64
		{6A60CC9E-06E2-44FE-85E3-466F6F002D0D}.Release|x64.Build.0 = Release|x64
		{6A60CC9E-06E2-44FE-85E3-466F6F002D0D}.Release|x86.ActiveCfg = Release|Win32
		{6A60CC9E-06E2-44FE-85E3-466F6F002D0D}.Release|x86.Build.0 = Release|Win32
		{9126FE19-F1CC-4A9F-99D6-4596B2AE76E4}.Debug|x64.ActiveCfg = Debug|x64
		{9126FE19-F1CC-4A9F-99D6-4596B2AE76E4}.Debug|x64.Build.0 = Debug|x64
		{9126FE19-F1CC-4A9F-99D6-4596B2AE76E4}.Debug|x86.ActiveCfg = Debug|Win32
		{9126FE19-F1CC-4A9F-99D6-4596B2AE76E4}.Debug|x86.Build.0 = Debug|Win32
		{9126FE19-F1CC-4A9F-99D6-4596B2AE76E4}.Release|x64.ActiveCfg = Release|x64
		{9126FE19-F1CC-4A9F-99D6-4596B2AE76E4}.Release|x64.Build.0 = Release|x64
		{9126FE19-F1CC-4A9F-99D6-4596B2AE76E4}.Release|x86.ActiveCfg = Release|Win32
		{9126FE19-F1CC-4A9F-99D6-4596B2AE76E4}.Release|x86.Build.0 = Release|Win32
		{DC414E31-E74D-4E08-BC8B-3EAD495D9C3C}.Debug|x64.ActiveCfg = Debug|x64
		{DC414E31-E74D-4E08-BC8B-3EAD495D9C3C}.Debug|x64.Build.0 = Debug|x64
		{DC414E31-E74D-4E08-BC8B-3EAD495D9C3C}.Debug|x86.ActiveCfg = Debug|Win32
		{DC414E31-E74D-4E08-BC8B-3EAD495D9C3C}.Debug|x86.Build.0 = Debug|Win32
		{DC414E31-E74D-4E08-BC8B-3EAD495D9C3C}.Release|x64.ActiveCfg = Release|x64
		{DC414E31-E74D-4E08-BC8B-3EAD495D9C3C}.Release|x64.Build.0 = Release|x64
		{DC414E31-E74D-4E08-BC8B-3EAD495D9C3C}.Release|x86.ActiveCfg = Release|Win32
		{DC414E31-E74D-4E08-BC8B-3EAD495D9C3C}.Release|x86.Build.0 = Release|Win32
		{D6FBC1E4-0E26-4048-8E64-F0F3CC38008B}.Debug|x64.ActiveCfg = Debug|x64
		{D6FBC1E4-0E26-4048-8E64-F0F3CC38008B}.Debug|x64.Build.0 = Debug|x64
		{D6FBC1E4-0E26-4048-8E64-F0F3CC38008B}.Debug|x86.ActiveCfg = Debug|Win32
		{D6FBC1E4-0E26-4048-8E64-F0F3CC38008B}.Debug|x86.Build.0 = Debug|Win32
		{D6FBC1E4-0E26-4048-8E64-F0F3CC38008B}.Release|x64.ActiveCfg = Release|x64
		{D6FBC1E4-0E26-4048-8E64-F0F3CC38008B}.Release|x64.Build.0 = Release|x64
		{D6FBC1E4-0E26-4048-8E64-F0F3CC38008B}.Release|x86.ActiveCfg = Release|Win32
		{D6FBC1E4-0E26-4048-8E64-F0F3CC38008B}.Release|x86.Build.0 = Release|Win32
		{382F4637-BB4B-45A6-8AE3-2CCC2572601F}.Debug|x64.ActiveCfg = Debug|x64
		{382F4637-BB4B-45A6-8AE3-2CCC2572601F}.Debug|x64.Build.0 = Debug|x64
		{382F4637-BB4B-45A6-8AE3-2CCC2572601F}.Debug|x86.ActiveCfg = Debug|Win32
		{382F4637-BB4B-45A6-8AE3-2CCC2572601F}.Debug|x86.Build.0 = Debug|Win32
		{382F4637-BB4B-45A6-8AE3-2CCC2572601F}.Release|x64.ActiveCfg = Release|x64
		{382F4637-BB4B-45A6-8AE3-2CCC2572601F}.Release|x64.Build.0 = Release|x64
		{382F4637-BB4B-45A6-8AE3-2CCC2572601F}.Release|x86.ActiveCfg = Release|Win32
		{382F4637-BB4B-45A6-8AE3-2CCC2572601F}.Release|x86.Build.0 = Release|Win32
		{E643CB3D-BE46-4C52-AC17-70C4127B6E64}.Debug|x64.ActiveCfg = Debug|x64
		{E643CB3D-BE46-4C52-AC17-70C4127B6E64}.Debug|x64.Build.0 = Debug|x64
		{E643CB3D-BE46-4C52-AC17-70C4127B6E64}.Debug|x86.ActiveCfg = Debug|Win32
		{E643CB3D-BE46-4C52-AC17-70C4127B6E64}.Debug|x86.Build.0 = Debug|Win32
		{E643CB3D-BE46-4C52-AC17-70C4127B6E64}.Release|x64.ActiveCfg = Release|x64
		{E643CB3D-BE46-4C52-AC17-70C4127B6E64}.Release|x64.Build.0 = Release|x64
		{E643CB3D-BE46-4C52-AC17-70C4127B6E64}.Release|x86.ActiveCfg = Release|Win32
		{E643CB3D-BE46-4C52-AC17-70C4127B6E64}.Release|x86.Build.0 = Release|Win32
		{06E077AB-C938-4F27-9DDE-DB78F0F4D7EE}.Debug|x64.ActiveCfg = Debug|x64
		{06E077AB-C938-4F27-9DDE-DB78F0F4D7EE}.Debug|x64.Build.0 = Debug|x64
		{06E077AB-C938-4F27-9DDE-DB78F0F4D7EE}.Debug|x86.ActiveCfg = Debug|Win32
		{06E077AB-C938-4F27-9DDE-DB78F0F4D7EE}.Debug|x86.Build.0 = Debug|Win32
		{06E077AB-C938-4F27-9DDE-DB78F0F4D7EE}.Release|x64.ActiveCfg = Release|x64
		{06E077AB-C938-4F27-9DDE-DB78F0F4D7EE}.Release|x64.Build.0 = Release|x64
		{06E077AB-C938-4F27-9DDE-DB78F0F4D7EE}.Release|x86.ActiveCfg = Release|Win32
		{06E077AB-C938-4F27-9DDE-DB78F0F4D7EE}.Release|x86.Build.0 = Release|Win32
		{1A90EE95-3454-4E53-94CC-A4A14E342B47}.Debug|x64.ActiveCfg = Debug|x64
		{1A90EE95-3454-4E53-94CC-A4A14E342B47}.Debug|x64.Build.0 = Debug|x64
		{1A90EE95-3454-4E53-94CC-A4A14E342B47}.Debug|x86.ActiveCfg = Debug|Win32
		{1A90EE95-3454-4E53-94CC-A4A14E342B47}.Debug|x86.Build.0 = Debug|Win32
		{1A90EE95-3454-4E53-94CC-A4A14E342B47}.Release|x64.ActiveCfg = Release|x64
		{1A90EE95-3454-4E53-94CC-A4A14E342B47}.Release|x64.Build.0 = Release|x64
		{1A90EE95-3454-4E53-94CC-A4A14E342B47}.Release|x86.ActiveCfg = Release|Win32
		{1A90EE95-3454-4E53-94CC-A4A14E342B47}.Release|x86.Build.0 = Release|Win32
		{6C6715CB-8E99-4F8E-9807-C655D635AC9E}.Debug|x64.ActiveCfg = Debug|x64
		{6C6715CB-8E99-4F8E-9807-C655D635AC9E}.Debug|x64.Build.0 = Debug|x64
		{6C6715CB-8E99-4F8E-9807-C655D635AC9E}.Debug|x86.ActiveCfg = Debug|Win32
		{6C6715CB-8E99-4F8E-9807-C655D635AC9E}.Debug|x86.Build.0 = Debug|Win32
		{6C6715CB-8E99-4F8E-9807-C655D635AC9E}.Release|x64.ActiveCfg = Release|x64
		{6C6715CB-8E99-4F8E-9807-C655D635AC9E}.Release|x64.Build.0 = Release|x64
		{6C6715CB-8E99-4F8E-9807-C655D635AC9E}.Release|x86.ActiveCfg = Release|Win32
		{6C6715CB-8E99-4F8E-9807-C655D635AC9E}.Release|x86.Build.0 = Release|Win32
		{E0EB24DE-E5EE-4FEE-91BA-DFAB26BD4D03}.Debug|x64.ActiveCfg = Debug|x64
		{E0EB24DE-E5EE-4FEE-91BA-DFAB26BD4D03}.Debug|x64.Build.0 = Debug|x64
		{E0EB24DE-E5EE-4FEE-91BA-DFAB26BD4D03}.Debug|x86.ActiveCfg = Debug|Win32
		{E0EB24DE-E5EE-4FEE-91BA-DFAB26BD4D03}.Debug|x86.Build.0 = Debug|Win32
		{E0EB24DE-E5EE-4FEE-91BA-DFAB26BD4D03}.Release|x64.ActiveCfg = Release|x64
		{E0EB24DE-E5EE-4FEE-91BA-DFAB26BD4D03}.Release|x64.Build.0 = Release|x64
		{E0EB24DE-E5EE-4FEE-91BA-DFAB26BD4D03}.Release|x86.ActiveCfg = Release|Win32
		{E0EB24DE-E5EE-4FEE-91BA-DFAB26BD4D03}.Release|x86.Build.0 = Release|Win32
		{7E067A1E-4178-443A-B908-0C2906A9EF8C}.Debug|x64.ActiveCfg = Debug|x64
		{7E067A1E-4178-443A-B908-0C2906A9EF8C}.Debug|x64.Build.0 = Debug|x64
		{7E067A1E-4178-443A-B908-0C2906A9EF8C}.Debug|x86.ActiveCfg = Debug|Win32
		{7E067A1E-4178-443A-B908-0C2906A9EF8C}.Debug|x86.Build.0 = Debug|Win32
		{7E067A1E-4178-443A-B908-0C2906A9EF8C}.Release|x64.ActiveCfg = Release|x64
		{7E067A1E-4178-443A-B908-0C2906A9EF8C}.Release|x64.Build.0 = Release|x64
		{7E067A1E-4178-443A-B908-0C2906A9EF8C}.Release|x86.ActiveCfg = Release|Win32
		{7E067A1E-4178-443A-B908-0C2906A9EF8C}.Release|x86.Build.0 = Release|Win32
		{40416B4B-2D4A-4068-BC00-AE5760077B67}.Debug|x64.ActiveCfg = Debug|x64
		{40416B4B-2D4A-4068-BC00-AE5760077B67}.Debug|x64.Build.0 = Debug|x64
		{40416B4B-2D4A-4068-BC00-AE5760077B67}.Debug|x86.ActiveCfg = Debug|Win32
		{40416B4B-2D4A-4068-BC00-AE5760077B67}.Debug|x86.Build.0 = Debug|Win32
		{40416B4B-2D4A-4068-BC00-AE5760077B67}.Release|x64.ActiveCfg = Release|x64
		{40416B4B-2D4A-4068-BC00-AE5760077B67}.Release|x64.Build.0 = Release|x64
		{40416B4B-2D4A-4068-BC00-AE5760077B67}.Release|x86.ActiveCfg = Release|Win32
		{40416B4B-2D4A-4068-BC00-AE5760077B67}.Release|x86.Build.0 = Release|Win32
		{3C178664-E381-46CE-BC5F-CB8C18B713F8}.Debug|x64.ActiveCfg = Debug|x64
		{3C178664-E381-46CE-BC5F-CB8C18B713F8}.Debug|x64.Build.0 = Debug|x64
		{3C178664-E381-46CE-BC5F-CB8C18B713F8}.Debug|x86.ActiveCfg = Debug|Win32
		{3C178664-E381-46CE-BC5F-CB8C18B713F8}.Debug|x86.Build.0 = Debug|Win32
		{3C178664-E381-46CE-BC5F-CB8C18B713F8}.Release|x64.ActiveCfg = Release|x64
		{3C178664-E381-46CE-BC5F-CB8C18B713F8}.Release|x64.Build.0 = Release|x64
		{3C178664-E381-46CE-BC5F-CB8C18B713F8}.Release|x86.ActiveCfg = Release|Win32
		{3C178664-E381-46CE-BC5F-CB8C18B713F8}.Release|x86.Build.0 = Release|Win32
		{22C8398D-D4F1-4037-AF09-97D50A4869AC}.Debug|x64.ActiveCfg = Debug|x64
		{22C8398D-D4F1-4037-AF09-97D50A4869AC}.Debug|x64.Build.0 = Debug|x64
		{22C8398D-D4F1-4037-AF09-97D50A4869AC}.Debug|x86.ActiveCfg = Debug|Win32
		{22C8398D-D4F1-4037-AF09-97D50A4869AC}.Debug|x86.Build.0 = Debug|Win32
		{22C8398D-D4F1-4037-AF09-97D50A4869AC}.Release|x64.ActiveCfg = Release|x64
		{22C8398D-D4F1-4037-AF09-97D50A4869AC}.Release|x64.Build.0 = Release|x64
		{22C8398D-D4F1-4037-AF09-97D50A4869AC}.Release|x86.ActiveCfg = Release|Win32
		{22C8398D-D4F1-4037-AF09-97D50A4869AC}.Release|x86.Build.0 = Release|Win32
		{7DC33409-994A-43C1-8568-BB2B03471AD8}.Debug|x64.ActiveCfg = Debug|x64
		{7DC33409-994A-43C1-8568-BB2B03471AD8}.Debug|x64.Build.0 = Debug|x64
		{7DC33409-994A-43C1-8568-BB2B03471AD8}.Debug|x86.ActiveCfg = Debug|Win32
		{7DC33409-994A-43C1-8568-BB2B03471AD8}.Debug|x86.Build.0 = Debug|Win32
		{7DC33409-994A-43C1-8568-BB2B03471AD8}.Release|x64.ActiveCfg = Release|x64
		{7DC33409-994A-43C1-8568-BB2B03471AD8}.Release|x64.Build.0 = Release|x64
		{7DC33409-994A-43C1-8568-BB2B03471AD8}.Release|x86.ActiveCfg = Release|Win32
		{7DC33409-994A-43C1-8568-BB2B03471AD8}.Release|x86.Build.0 = Release|Win32
		{4F7AE91F-F962-431C-8CFC-A15063ACB45F}.Debug|x64.ActiveCfg = Debug|x64
		{4F7AE91F-F962-431C-8CFC-A15063ACB45F}.Debug|x64.Build.0 = Debug|x64
		{4F7AE91F-F962-431C-8CFC-A15063ACB45F}.Debug|x86.ActiveCfg = Debug|Win32
		{4F7AE91F-F962-431C-8CFC-A15063ACB45F}.Debug|x86.Build.0 = Debug|Win32
		{4F7AE91F-F962-431C-8CFC-A15063ACB45F}.Release|x64.ActiveCfg = Release|x64
		{4F7AE91F-F962-431C-8CFC-A15063ACB45F}.Release|x64.Build.0 = Release|x64
		{4F7AE91F-F962-431C-8CFC-A15063ACB45F}.Release|x86.ActiveCfg = Release|Win32
		{4F7AE91F-F962-431C-8CFC-A15063ACB45F}.Release|x86.Build.0 = Release|Win32
		{C931E2FC-2AD2-4628-932F-B4FC91B4288F}.Debug|x64.ActiveCfg = Debug|x64
		{C931E2FC-2AD2-4628-932F-B4FC91B4288F}.Debug|x64.Build.0 = Debug|x64
		{C931E2FC-2AD2-4628-932F-B4FC91B4288F}.Debug|x86.ActiveCfg = Debug|Win32
		{C931E2FC-2AD2-4628-932F-B4FC91B4288F}.Debug|x86.Build.0 = Debug|Win32
		{C931E2FC-2AD2-4628-932F-B4FC91B4288F}.Release|x64.ActiveCfg = Release|x64
		{C931E2FC-2AD2-4628-932F-B4FC91B4288F}.Release|x64.Build.0 = Release|x64
		{C931E2FC-2AD2-4628-932F-B4FC91B4288F}.Release|x86.ActiveCfg = Release|Win32
		{C931E2FC-2AD2-4628-932F-B4FC91B4288F}.Release|x86.Build.0 = Release|Win32
		{A086E523-68F6-4E31-BDD8-3137A1B3684E}.Debug|x64.ActiveCfg = Debug|x64
		{A086E523-68F6-4E31-BDD8-3137A1B3684E}.Debug|x64.Build.0 = Debug|x64
		{A086E523-68F6-4E31-BDD8-3137A1B3684E}.Debug|x86.ActiveCfg = Debug|Win32
		{A086E523-68F6-4E31-BDD8-3137A1B3684E}.Debug|x86.Build.0 = Debug|Win32
		{A086E523-68F6-4E31-BDD8-3137A1B3684E}.Release|x64.ActiveCfg = Release|x64
		{A086E523-68F6-4E31-BDD8-3137A1B3684E}.Release|x64.Build.0 = Release|x64
		{A086E523-68F6-4E31-BDD8-3137A1B3684E}.Release|x86.ActiveCfg = Release|Win32
		{A086E523-68F6-4E31-BDD8-3137A1B3684E}.Release|x86.Build.0 = Release|Win32
		{1322AE60-1223-4D0B-9445-00023CFF6F77}.Debug|x64.ActiveCfg = Debug|x64
		{1322AE60-1223-4D0B-9445-00023CFF6F77}.Debug|x64.Build.0 = Debug|x64
		{1322AE60-1223-4D0B-9445-00023CFF6F77}.Debug|x86.ActiveCfg = Debug|Win32
		{1322AE60-1223-4D0B-9445-00023CFF6F77}.Debug|x86.Build.0 = Debug|Win32
		{1322AE60-1223-4D0B-9445-00023CFF6F77}.Release|x64.ActiveCfg = Release|x64
		{1322AE60-1223-4D0B-9445-00023CFF6F77}.Release|x64.Build.0 = Release|x64
		{1322AE60-1223-4D0B-9445-00023CFF6F77}.Release|x86.ActiveCfg = Release|Win32
		{1322AE60-1223-4D0B-9445-00023CFF6F77}.Release|x86.Build.0 = Release|Win32
		{32E4CAE9-43E4-4161-B371-C2D0570103EF}.Debug|x64.ActiveCfg = Debug|x64
		{32E4CAE9-43E4-4161-B371-C2D0570103EF}.Debug|x64.Build.0 = Debug|x64
		{32E4CAE9-43E4-4161-B371-C2D0570103EF}.Debug|x86.ActiveCfg = Debug|Win32
		{32E4CAE9-43E4-4161-B371-C2D0570103EF}.Debug|x86.Build.0 = Debug|Win32
		{32E4CAE9-43E4-4161-B371-C2D0570103EF}.Release|x64.ActiveCfg = Release|x64
		{32E4CAE9-43E4-4161-B371-C2D0570103EF}.Release|x64.Build.0 = Release|x64
		{32E4CAE9-43E4-4161-B371-C2D0570103EF}.Release|x86.ActiveCfg = Release|Win32
		{32E4CAE9-43E4-4161-B371-C2D0570103EF}.Release|x86.Build.0 = Release|Win32
		{388F0DC7-F2E2-43F4-A0CE-CB9376AA19E4}.Debug|x64.ActiveCfg = Debug|x64
		{388F0DC7-F2E2-43F4-A0CE-CB9376AA19E4}.Debug|x64.Build.0 = Debug|x64
		{388F0DC7-F2E2-43F4-A0CE-CB9376AA19E4}.Debug|x86.ActiveCfg = Debug|Win32
		{388F0DC7-F2E2-43F4-A0CE-CB9376AA19E4}.Debug|x86.Build.0 = Debug|Win32
		{388F0DC7-F2E2-43F4-A0CE-CB9376AA19E4}.Release|x64.ActiveCfg = Release|x64
		{388F0DC7-F2E2-43F4-A0CE-CB9376AA19E4}.Release|x64.Build.0 = Release|x64
		{388F0DC7-F2E2-43F4-A0CE-CB9376AA19E4}.Release|x86.ActiveCfg = Release|Win32
		{388F0DC7-F2E2-43F4-A0CE-CB9376AA19E4}.Release|x86.Build.0 = Release|Win32
		{F4B3E500-3573-4833-B741-6D89F085C2D6}.Debug|x64.ActiveCfg = Debug|x64
		{F4B3E500-3573-4833-B741-6D89F085C2D6}.Debug|x64.Build.0 = Debug|x64
		{F4B3E500-3573-4833-B741-6D89F085C2D6}.Debug|x86.ActiveCfg = Debug|Win32
		{F4B3E500-3573-4833-B741-6D89F085C2D6}.Debug|x86.Build.0 = Debug|Win32
		{F4B3E500-3573-4833-B741-6D89F085C2D6}.Release|x64.ActiveCfg = Release|x64
		{F4B3E500-3573-4833-B741-6D89F085C2D6}.Release|x64.Build.0 = Release|x64
		{F4B3E500-3573-4833-B741-6D89F085C2D6}.Release|x86.ActiveCfg = Release|Win32
		{F4B3E500-3573-4833-B741-6D89F085C2D6}.Release|x86.Build.0 = Release|Win32
	EndGlobalSection
	GlobalSection(SolutionProperties) = preSolution
		HideSolutionNode = FALSE
	EndGlobalSection
	GlobalSection(NestedProjects) = preSolution
		{EE017BEA-EC47-40A1-996E-04A63189A29D} = {E23DA31C-EF13-4D7E-9C29-C133FC3C615D}
		{5513EBBC-377B-44B6-A2AC-7777FB42F3A9} = {604AA32E-7627-4FF5-AC93-A1A0564AE30B}
		{22AFF1F2-C007-4B68-AAE0-C882249BD0CA} = {C87E6B34-1B8B-4D29-946B-784033C5C925}
		{E9135872-9138-468B-A932-32AE9E45AF77} = {C87E6B34-1B8B-4D29-946B-784033C5C925}
		{8DC5DBD7-DE8F-41E0-8F50-FA1CB5A9DC24} = {C87E6B34-1B8B-4D29-946B-784033C5C925}
		{58A960B1-B3F2-47F2-8318-FCBBD79DB826} = {48285E92-9AB9-4525-A203-FB921B23ED67}
		{E7D39922-2234-42C4-A589-A04204044A97} = {48285E92-9AB9-4525-A203-FB921B23ED67}
		{A9CE6A71-9334-4EBC-B21E-92A4771D39E8} = {48285E92-9AB9-4525-A203-FB921B23ED67}
		{6A60CC9E-06E2-44FE-85E3-466F6F002D0D} = {B542E642-6C43-499B-94F9-54E806436720}
		{9126FE19-F1CC-4A9F-99D6-4596B2AE76E4} = {6CD7757E-0BD8-4413-A547-A3EABAF52464}
		{DC414E31-E74D-4E08-BC8B-3EAD495D9C3C} = {6CD7757E-0BD8-4413-A547-A3EABAF52464}
		{D6FBC1E4-0E26-4048-8E64-F0F3CC38008B} = {6CD7757E-0BD8-4413-A547-A3EABAF52464}
		{382F4637-BB4B-45A6-8AE3-2CCC2572601F} = {6CD7757E-0BD8-4413-A547-A3EABAF52464}
		{E643CB3D-BE46-4C52-AC17-70C4127B6E64} = {6CD7757E-0BD8-4413-A547-A3EABAF52464}
		{06E077AB-C938-4F27-9DDE-DB78F0F4D7EE} = {6CD7757E-0BD8-4413-A547-A3EABAF52464}
		{1A90EE95-3454-4E53-94CC-A4A14E342B47} = {6CD7757E-0BD8-4413-A547-A3EABAF52464}
		{6C6715CB-8E99-4F8E-9807-C655D635AC9E} = {0B4B3827-583F-46F7-BB7B-D2F3A337AEB8}
		{E0EB24DE-E5EE-4FEE-91BA-DFAB26BD4D03} = {0B4B3827-583F-46F7-BB7B-D2F3A337AEB8}
		{7E067A1E-4178-443A-B908-0C2906A9EF8C} = {0B4B3827-583F-46F7-BB7B-D2F3A337AEB8}
		{40416B4B-2D4A-4068-BC00-AE5760077B67} = {0B4B3827-583F-46F7-BB7B-D2F3A337AEB8}
		{3C178664-E381-46CE-BC5F-CB8C18B713F8} = {0B4B3827-583F-46F7-BB7B-D2F3A337AEB8}
		{22C8398D-D4F1-4037-AF09-97D50A4869AC} = {0B4B3827-583F-46F7-BB7B-D2F3A337AEB8}
		{7DC33409-994A-43C1-8568-BB2B03471AD8} = {0B4B3827-583F-46F7-BB7B-D2F3A337AEB8}
		{4F7AE91F-F962-431C-8CFC-A15063ACB45F} = {91107135-9A45-47DA-8FA2-C4CF1F17031F}
		{C931E2FC-2AD2-4628-932F-B4FC91B4288F} = {91107135-9A45-47DA-8FA2-C4CF1F17031F}
		{A086E523-68F6-4E31-BDD8-3137A1B3684E} = {91107135-9A45-47DA-8FA2-C4CF1F17031F}
		{1322AE60-1223-4D0B-9445-00023CFF6F77} = {91107135-9A45-47DA-8FA2-C4CF1F17031F}
		{32E4CAE9-43E4-4161-B371-C2D0570103EF} = {91107135-9A45-47DA-8FA2-C4CF1F17031F}
		{388F0DC7-F2E2-43F4-A0CE-CB9376AA19E4} = {91107135-9A45-47DA-8FA2-C4CF1F17031F}
		{F4B3E500-3573-4833-B741-6D89F085C2D6} = {91107135-9A45-47DA-8FA2-C4CF1F17031F}
	EndGlobalSection
	GlobalSection(ExtensibilityGlobals) = postSolution
		SolutionGuid = {E0D06E2D-F8E2-4FEB-8C1F-4736A160AC44}
	EndGlobalSection
EndGlobal
